version = "1.0"
created_at = "2025-08-20T19:04:52.097023+00:00"
updated_at = "2025-08-20T19:04:52.105658+00:00"
default_profile = "default"

[profiles.default]
name = "default"
[[profiles.default.bindings]]
alias = "long_context"
provider = "openai"
model = "gpt-4-turbo-preview"

[[profiles.default.bindings]]
alias = "low_cost"
provider = "openai"
model = "gpt-3.5-turbo"

[[profiles.default.bindings]]
alias = "json_mode"
provider = "openai"
model = "gpt-4-turbo-preview"

[[profiles.default.bindings]]
alias = "fast"
provider = "openai"
model = "gpt-3.5-turbo"

[[profiles.default.bindings]]
alias = "deep"
provider = "anthropic"
model = "claude-3-opus-20240229"

[[profiles.default.bindings]]
alias = "balanced"
provider = "anthropic"
model = "claude-3-sonnet-20240229"

[[profiles.default.bindings]]
alias = "pdf_reader"
provider = "anthropic"
model = "claude-3-sonnet-20240229"

[[profiles.default.bindings]]
alias = "local"
provider = "ollama"
model = "llama3.3:latest"

[[profiles.default.bindings]]
alias = "test"
provider = "openai"
model = "gpt-4"

[profiles.prod]
name = "prod"
bindings = []

[profiles.staging]
name = "staging"
bindings = []

[profiles.dev]
name = "dev"
bindings = []

[profiles.default.registry_versions]

[profiles.prod.registry_versions]

[profiles.staging.registry_versions]

[profiles.dev.registry_versions]
