version = "1.0"
created_at = "2025-09-26T10:42:26.234008+00:00"
updated_at = "2025-09-26T10:42:26.234018+00:00"
default_profile = "default"

[metadata]

[profiles.default]
name = "default"
[[profiles.default.bindings]]
alias = "advisor"
provider = "anthropic"
model = "claude-opus-4-1-20250805"

[profiles.default.registry_versions]
